
Microsoft Visual Studio Solution File, Format Version 11.00
# Visual Studio 2010
Project("{2150E333-8FDC-42A3-9474-1A3956D46DE8}") = "Domain", "Domain", "{C11BABB0-F80C-4CEE-B78E-4DEF4E166445}"
EndProject
Project("{FAE04EC0-301F-11D3-BF4B-00C04F79EFBC}") = "CloudNotes.Domain", "CloudNotes.Domain\CloudNotes.Domain.csproj", "{B045D6E8-373D-4F70-A29A-4452C181CB45}"
EndProject
Project("{FAE04EC0-301F-11D3-BF4B-00C04F79EFBC}") = "CloudNotes.Domain.Services", "CloudNotes.Domain.Services\CloudNotes.Domain.Services.csproj", "{7BC60FE1-A4C9-4EFB-82A1-97909A6D4B5E}"
EndProject
Project("{2150E333-8FDC-42A3-9474-1A3956D46DE8}") = "Repositories", "Repositories", "{E9AEAD73-CEEE-4270-B30E-B7020305B9CD}"
EndProject
Project("{FAE04EC0-301F-11D3-BF4B-00C04F79EFBC}") = "CloudNotes.Repositories", "CloudNotes.Repositories\CloudNotes.Repositories.csproj", "{14C19EE4-C4AD-43CB-87D6-2926387D46C9}"
EndProject
Project("{2150E333-8FDC-42A3-9474-1A3956D46DE8}") = "Presentation", "Presentation", "{F71B571F-7AB0-4D39-9F7D-A25E6C6920D4}"
EndProject
Project("{2150E333-8FDC-42A3-9474-1A3956D46DE8}") = "Web", "Web", "{2D260A8F-0D60-4AA0-9665-95995388C86A}"
EndProject
Project("{CC5FD16D-436D-48AD-A40C-5A424C6E3E79}") = "CloudNotes.Web.MVC", "CloudNotes.Web.MVC\CloudNotes.Web.MVC.ccproj", "{33F58CF6-6D2A-4A80-AA99-6429158B254C}"
EndProject
Project("{FAE04EC0-301F-11D3-BF4B-00C04F79EFBC}") = "CloudNotes.WebRole", "CloudNotes.WebRole\CloudNotes.WebRole.csproj", "{1E568A42-4207-4BC1-B8D8-6E173BA5B4C9}"
EndProject
Project("{2150E333-8FDC-42A3-9474-1A3956D46DE8}") = "Tests", "Tests", "{E727DFA9-7BD2-4E5B-A72D-5F7D2EB65549}"
EndProject
Project("{2150E333-8FDC-42A3-9474-1A3956D46DE8}") = "Domain", "Domain", "{2110ECDF-1F8B-4CCD-91D7-A558FBC31A88}"
EndProject
Project("{FAE04EC0-301F-11D3-BF4B-00C04F79EFBC}") = "CloudNotes.Tests.Domain", "CloudNotes.Tests.Domain\CloudNotes.Tests.Domain.csproj", "{444B935C-F274-43C7-A32D-DB4311470CBF}"
EndProject
Project("{2150E333-8FDC-42A3-9474-1A3956D46DE8}") = "Solution Items", "Solution Items", "{DC39481A-5BFF-4BE9-8859-BAFB5750F5E5}"
	ProjectSection(SolutionItems) = preProject
		CloudNotes.vsmdi = CloudNotes.vsmdi
		Local.testsettings = Local.testsettings
		TraceAndTestImpact.testsettings = TraceAndTestImpact.testsettings
	EndProjectSection
EndProject
Project("{2150E333-8FDC-42A3-9474-1A3956D46DE8}") = "Infrastructure", "Infrastructure", "{A62DE3A4-A6EA-4F38-A732-3D1981062946}"
EndProject
Project("{2150E333-8FDC-42A3-9474-1A3956D46DE8}") = "DependencyInjection", "DependencyInjection", "{1EE42FB4-2D18-4255-A5CC-2F8C203A9D33}"
EndProject
Project("{FAE04EC0-301F-11D3-BF4B-00C04F79EFBC}") = "CloudNotes.Infrastructure.DependencyInjection", "CloudNotes.Infrastructure.DependencyInjection\CloudNotes.Infrastructure.DependencyInjection.csproj", "{835C512C-C8A5-40F8-810B-FED445AC5A6C}"
EndProject
Project("{2150E333-8FDC-42A3-9474-1A3956D46DE8}") = "Exceptions", "Exceptions", "{2307611B-B639-403C-A294-D865AD3A9BFE}"
EndProject
Project("{FAE04EC0-301F-11D3-BF4B-00C04F79EFBC}") = "CloudNotes.Infrastructure.Exceptions", "CloudNotes.Infrastructure.Exceptions\CloudNotes.Infrastructure.Exceptions.csproj", "{5871F52E-169E-4E23-BAC4-57857ED65D81}"
EndProject
Project("{FAE04EC0-301F-11D3-BF4B-00C04F79EFBC}") = "CloudNotes.Tests.Domain.Services", "CloudNotes.Tests.Domain.Services\CloudNotes.Tests.Domain.Services.csproj", "{2776F26F-8E0A-4212-B1EE-B6965E1CA32E}"
EndProject
Project("{2150E333-8FDC-42A3-9474-1A3956D46DE8}") = "Repositories", "Repositories", "{4E8797F9-376F-4073-BF69-13A78EE33DAA}"
EndProject
Project("{FAE04EC0-301F-11D3-BF4B-00C04F79EFBC}") = "CloudNotes.Tests.Repositories", "CloudNotes.Tests.Repositories\CloudNotes.Tests.Repositories.csproj", "{8DEDF00D-1C56-4BFB-85E4-62C5F5AE0C75}"
EndProject
Project("{2150E333-8FDC-42A3-9474-1A3956D46DE8}") = "Presentation", "Presentation", "{AB647AFD-6ECF-48DA-87EB-1D7EBDF15B8E}"
EndProject
Project("{FAE04EC0-301F-11D3-BF4B-00C04F79EFBC}") = "CloudNotes.Tests.Presentation.MVC", "CloudNotes.Tests.Presentation.MVC\CloudNotes.Tests.Presentation.MVC.csproj", "{C8652CA7-A052-4D7A-B2AE-217A434FBC18}"
EndProject
Global
	GlobalSection(TestCaseManagementSettings) = postSolution
		CategoryFile = CloudNotes.vsmdi
	EndGlobalSection
	GlobalSection(SolutionConfigurationPlatforms) = preSolution
		Debug|Any CPU = Debug|Any CPU
		Release|Any CPU = Release|Any CPU
	EndGlobalSection
	GlobalSection(ProjectConfigurationPlatforms) = postSolution
		{B045D6E8-373D-4F70-A29A-4452C181CB45}.Debug|Any CPU.ActiveCfg = Debug|Any CPU
		{B045D6E8-373D-4F70-A29A-4452C181CB45}.Debug|Any CPU.Build.0 = Debug|Any CPU
		{B045D6E8-373D-4F70-A29A-4452C181CB45}.Release|Any CPU.ActiveCfg = Release|Any CPU
		{B045D6E8-373D-4F70-A29A-4452C181CB45}.Release|Any CPU.Build.0 = Release|Any CPU
		{7BC60FE1-A4C9-4EFB-82A1-97909A6D4B5E}.Debug|Any CPU.ActiveCfg = Debug|Any CPU
		{7BC60FE1-A4C9-4EFB-82A1-97909A6D4B5E}.Debug|Any CPU.Build.0 = Debug|Any CPU
		{7BC60FE1-A4C9-4EFB-82A1-97909A6D4B5E}.Release|Any CPU.ActiveCfg = Release|Any CPU
		{7BC60FE1-A4C9-4EFB-82A1-97909A6D4B5E}.Release|Any CPU.Build.0 = Release|Any CPU
		{14C19EE4-C4AD-43CB-87D6-2926387D46C9}.Debug|Any CPU.ActiveCfg = Debug|Any CPU
		{14C19EE4-C4AD-43CB-87D6-2926387D46C9}.Debug|Any CPU.Build.0 = Debug|Any CPU
		{14C19EE4-C4AD-43CB-87D6-2926387D46C9}.Release|Any CPU.ActiveCfg = Release|Any CPU
		{14C19EE4-C4AD-43CB-87D6-2926387D46C9}.Release|Any CPU.Build.0 = Release|Any CPU
		{33F58CF6-6D2A-4A80-AA99-6429158B254C}.Debug|Any CPU.ActiveCfg = Debug|Any CPU
		{33F58CF6-6D2A-4A80-AA99-6429158B254C}.Debug|Any CPU.Build.0 = Debug|Any CPU
		{33F58CF6-6D2A-4A80-AA99-6429158B254C}.Release|Any CPU.ActiveCfg = Release|Any CPU
		{33F58CF6-6D2A-4A80-AA99-6429158B254C}.Release|Any CPU.Build.0 = Release|Any CPU
		{1E568A42-4207-4BC1-B8D8-6E173BA5B4C9}.Debug|Any CPU.ActiveCfg = Debug|Any CPU
		{1E568A42-4207-4BC1-B8D8-6E173BA5B4C9}.Debug|Any CPU.Build.0 = Debug|Any CPU
		{1E568A42-4207-4BC1-B8D8-6E173BA5B4C9}.Release|Any CPU.ActiveCfg = Release|Any CPU
		{1E568A42-4207-4BC1-B8D8-6E173BA5B4C9}.Release|Any CPU.Build.0 = Release|Any CPU
		{444B935C-F274-43C7-A32D-DB4311470CBF}.Debug|Any CPU.ActiveCfg = Debug|Any CPU
		{444B935C-F274-43C7-A32D-DB4311470CBF}.Debug|Any CPU.Build.0 = Debug|Any CPU
		{444B935C-F274-43C7-A32D-DB4311470CBF}.Release|Any CPU.ActiveCfg = Release|Any CPU
		{444B935C-F274-43C7-A32D-DB4311470CBF}.Release|Any CPU.Build.0 = Release|Any CPU
		{835C512C-C8A5-40F8-810B-FED445AC5A6C}.Debug|Any CPU.ActiveCfg = Debug|Any CPU
		{835C512C-C8A5-40F8-810B-FED445AC5A6C}.Debug|Any CPU.Build.0 = Debug|Any CPU
		{835C512C-C8A5-40F8-810B-FED445AC5A6C}.Release|Any CPU.ActiveCfg = Release|Any CPU
		{835C512C-C8A5-40F8-810B-FED445AC5A6C}.Release|Any CPU.Build.0 = Release|Any CPU
		{5871F52E-169E-4E23-BAC4-57857ED65D81}.Debug|Any CPU.ActiveCfg = Debug|Any CPU
		{5871F52E-169E-4E23-BAC4-57857ED65D81}.Debug|Any CPU.Build.0 = Debug|Any CPU
		{5871F52E-169E-4E23-BAC4-57857ED65D81}.Release|Any CPU.ActiveCfg = Release|Any CPU
		{5871F52E-169E-4E23-BAC4-57857ED65D81}.Release|Any CPU.Build.0 = Release|Any CPU
		{2776F26F-8E0A-4212-B1EE-B6965E1CA32E}.Debug|Any CPU.ActiveCfg = Debug|Any CPU
		{2776F26F-8E0A-4212-B1EE-B6965E1CA32E}.Debug|Any CPU.Build.0 = Debug|Any CPU
		{2776F26F-8E0A-4212-B1EE-B6965E1CA32E}.Release|Any CPU.ActiveCfg = Release|Any CPU
		{2776F26F-8E0A-4212-B1EE-B6965E1CA32E}.Release|Any CPU.Build.0 = Release|Any CPU
		{8DEDF00D-1C56-4BFB-85E4-62C5F5AE0C75}.Debug|Any CPU.ActiveCfg = Debug|Any CPU
		{8DEDF00D-1C56-4BFB-85E4-62C5F5AE0C75}.Debug|Any CPU.Build.0 = Debug|Any CPU
		{8DEDF00D-1C56-4BFB-85E4-62C5F5AE0C75}.Release|Any CPU.ActiveCfg = Release|Any CPU
		{8DEDF00D-1C56-4BFB-85E4-62C5F5AE0C75}.Release|Any CPU.Build.0 = Release|Any CPU
		{C8652CA7-A052-4D7A-B2AE-217A434FBC18}.Debug|Any CPU.ActiveCfg = Debug|Any CPU
		{C8652CA7-A052-4D7A-B2AE-217A434FBC18}.Debug|Any CPU.Build.0 = Debug|Any CPU
		{C8652CA7-A052-4D7A-B2AE-217A434FBC18}.Release|Any CPU.ActiveCfg = Release|Any CPU
		{C8652CA7-A052-4D7A-B2AE-217A434FBC18}.Release|Any CPU.Build.0 = Release|Any CPU
	EndGlobalSection
	GlobalSection(SolutionProperties) = preSolution
		HideSolutionNode = FALSE
	EndGlobalSection
	GlobalSection(NestedProjects) = preSolution
		{B045D6E8-373D-4F70-A29A-4452C181CB45} = {C11BABB0-F80C-4CEE-B78E-4DEF4E166445}
		{7BC60FE1-A4C9-4EFB-82A1-97909A6D4B5E} = {C11BABB0-F80C-4CEE-B78E-4DEF4E166445}
		{14C19EE4-C4AD-43CB-87D6-2926387D46C9} = {E9AEAD73-CEEE-4270-B30E-B7020305B9CD}
		{2D260A8F-0D60-4AA0-9665-95995388C86A} = {F71B571F-7AB0-4D39-9F7D-A25E6C6920D4}
		{33F58CF6-6D2A-4A80-AA99-6429158B254C} = {2D260A8F-0D60-4AA0-9665-95995388C86A}
		{1E568A42-4207-4BC1-B8D8-6E173BA5B4C9} = {2D260A8F-0D60-4AA0-9665-95995388C86A}
		{2110ECDF-1F8B-4CCD-91D7-A558FBC31A88} = {E727DFA9-7BD2-4E5B-A72D-5F7D2EB65549}
		{4E8797F9-376F-4073-BF69-13A78EE33DAA} = {E727DFA9-7BD2-4E5B-A72D-5F7D2EB65549}
		{AB647AFD-6ECF-48DA-87EB-1D7EBDF15B8E} = {E727DFA9-7BD2-4E5B-A72D-5F7D2EB65549}
		{444B935C-F274-43C7-A32D-DB4311470CBF} = {2110ECDF-1F8B-4CCD-91D7-A558FBC31A88}
		{DC39481A-5BFF-4BE9-8859-BAFB5750F5E5} = {2110ECDF-1F8B-4CCD-91D7-A558FBC31A88}
		{2776F26F-8E0A-4212-B1EE-B6965E1CA32E} = {2110ECDF-1F8B-4CCD-91D7-A558FBC31A88}
		{1EE42FB4-2D18-4255-A5CC-2F8C203A9D33} = {A62DE3A4-A6EA-4F38-A732-3D1981062946}
		{2307611B-B639-403C-A294-D865AD3A9BFE} = {A62DE3A4-A6EA-4F38-A732-3D1981062946}
		{835C512C-C8A5-40F8-810B-FED445AC5A6C} = {1EE42FB4-2D18-4255-A5CC-2F8C203A9D33}
		{5871F52E-169E-4E23-BAC4-57857ED65D81} = {2307611B-B639-403C-A294-D865AD3A9BFE}
		{8DEDF00D-1C56-4BFB-85E4-62C5F5AE0C75} = {4E8797F9-376F-4073-BF69-13A78EE33DAA}
		{C8652CA7-A052-4D7A-B2AE-217A434FBC18} = {AB647AFD-6ECF-48DA-87EB-1D7EBDF15B8E}
	EndGlobalSection
EndGlobal
